
Microsoft Visual Studio Solution File, Format Version 12.00
# Visual Studio Version 17
VisualStudioVersion = 17.3.32611.2
MinimumVisualStudioVersion = 10.0.40219.1
Project("{FAE04EC0-301F-11D3-BF4B-00C04F79EFBC}") = "Productivity-rein-WPF", "Productivity-rein-WPF.csproj", "{06C3578E-6A5A-4379-8802-BBD466E4564F}"
EndProject
Global
	GlobalSection(SolutionConfigurationPlatforms) = preSolution
		Debug|Any CPU = Debug|Any CPU
		Release|Any CPU = Release|Any CPU
	EndGlobalSection
	GlobalSection(ProjectConfigurationPlatforms) = postSolution
		{06C3578E-6A5A-4379-8802-BBD466E4564F}.Debug|Any CPU.ActiveCfg = Debug|Any CPU
		{06C3578E-6A5A-4379-8802-BBD466E4564F}.Debug|Any CPU.Build.0 = Debug|Any CPU
		{06C3578E-6A5A-4379-8802-BBD466E4564F}.Release|Any CPU.ActiveCfg = Release|Any CPU
		{06C3578E-6A5A-4379-8802-BBD466E4564F}.Release|Any CPU.Build.0 = Release|Any CPU
	EndGlobalSection
	GlobalSection(SolutionProperties) = preSolution
		HideSolutionNode = FALSE
	EndGlobalSection
	GlobalSection(ExtensibilityGlobals) = postSolution
		SolutionGuid = {56C3D4CB-D1CC-499E-9193-BFE529826CDC}
	EndGlobalSection
EndGlobal
